{
  "name": "clappr",
  "version": "0.0.104",
  "dependencies": {
    "lodash.assign": {
      "version": "3.0.0",
      "from": "https://registry.npmjs.org/lodash.assign/-/lodash.assign-3.0.0.tgz",
      "resolved": "https://registry.npmjs.org/lodash.assign/-/lodash.assign-3.0.0.tgz",
      "dependencies": {
        "lodash._baseassign": {
          "version": "3.0.1",
          "from": "https://registry.npmjs.org/lodash._baseassign/-/lodash._baseassign-3.0.1.tgz",
          "resolved": "https://registry.npmjs.org/lodash._baseassign/-/lodash._baseassign-3.0.1.tgz",
          "dependencies": {
            "lodash._basecopy": {
              "version": "3.0.0",
              "from": "https://registry.npmjs.org/lodash._basecopy/-/lodash._basecopy-3.0.0.tgz",
              "resolved": "https://registry.npmjs.org/lodash._basecopy/-/lodash._basecopy-3.0.0.tgz"
            },
            "lodash.keys": {
              "version": "3.0.3",
              "from": "https://registry.npmjs.org/lodash.keys/-/lodash.keys-3.0.3.tgz",
              "resolved": "https://registry.npmjs.org/lodash.keys/-/lodash.keys-3.0.3.tgz",
              "dependencies": {
                "lodash.isarguments": {
                  "version": "3.0.0",
                  "from": "https://registry.npmjs.org/lodash.isarguments/-/lodash.isarguments-3.0.0.tgz",
                  "resolved": "https://registry.npmjs.org/lodash.isarguments/-/lodash.isarguments-3.0.0.tgz"
                },
                "lodash.isarray": {
                  "version": "3.0.0",
                  "from": "https://registry.npmjs.org/lodash.isarray/-/lodash.isarray-3.0.0.tgz",
                  "resolved": "https://registry.npmjs.org/lodash.isarray/-/lodash.isarray-3.0.0.tgz"
                },
                "lodash.isnative": {
                  "version": "3.0.0",
                  "from": "https://registry.npmjs.org/lodash.isnative/-/lodash.isnative-3.0.0.tgz",
                  "resolved": "https://registry.npmjs.org/lodash.isnative/-/lodash.isnative-3.0.0.tgz"
                }
              }
            }
          }
        },
        "lodash._createassigner": {
          "version": "3.0.0",
          "from": "https://registry.npmjs.org/lodash._createassigner/-/lodash._createassigner-3.0.0.tgz",
          "resolved": "https://registry.npmjs.org/lodash._createassigner/-/lodash._createassigner-3.0.0.tgz",
          "dependencies": {
            "lodash._bindcallback": {
              "version": "3.0.0",
              "from": "https://registry.npmjs.org/lodash._bindcallback/-/lodash._bindcallback-3.0.0.tgz",
              "resolved": "https://registry.npmjs.org/lodash._bindcallback/-/lodash._bindcallback-3.0.0.tgz"
            },
            "lodash._isiterateecall": {
              "version": "3.0.3",
              "from": "https://registry.npmjs.org/lodash._isiterateecall/-/lodash._isiterateecall-3.0.3.tgz",
              "resolved": "https://registry.npmjs.org/lodash._isiterateecall/-/lodash._isiterateecall-3.0.3.tgz"
            }
          }
        }
      }
    },
    "lodash.find": {
      "version": "3.0.0",
      "from": "https://registry.npmjs.org/lodash.find/-/lodash.find-3.0.0.tgz",
      "resolved": "https://registry.npmjs.org/lodash.find/-/lodash.find-3.0.0.tgz",
      "dependencies": {
        "lodash._basecallback": {
          "version": "3.1.2",
          "from": "https://registry.npmjs.org/lodash._basecallback/-/lodash._basecallback-3.1.2.tgz",
          "resolved": "https://registry.npmjs.org/lodash._basecallback/-/lodash._basecallback-3.1.2.tgz",
          "dependencies": {
            "lodash._baseisequal": {
              "version": "3.0.1",
              "from": "https://registry.npmjs.org/lodash._baseisequal/-/lodash._baseisequal-3.0.1.tgz",
              "resolved": "https://registry.npmjs.org/lodash._baseisequal/-/lodash._baseisequal-3.0.1.tgz",
              "dependencies": {
                "lodash.istypedarray": {
                  "version": "3.0.0",
                  "from": "https://registry.npmjs.org/lodash.istypedarray/-/lodash.istypedarray-3.0.0.tgz",
                  "resolved": "https://registry.npmjs.org/lodash.istypedarray/-/lodash.istypedarray-3.0.0.tgz"
                }
              }
            },
            "lodash._bindcallback": {
              "version": "3.0.0",
              "from": "https://registry.npmjs.org/lodash._bindcallback/-/lodash._bindcallback-3.0.0.tgz",
              "resolved": "https://registry.npmjs.org/lodash._bindcallback/-/lodash._bindcallback-3.0.0.tgz"
            },
            "lodash.keys": {
              "version": "3.0.3",
              "from": "https://registry.npmjs.org/lodash.keys/-/lodash.keys-3.0.3.tgz",
              "resolved": "https://registry.npmjs.org/lodash.keys/-/lodash.keys-3.0.3.tgz",
              "dependencies": {
                "lodash.isarguments": {
                  "version": "3.0.0",
                  "from": "https://registry.npmjs.org/lodash.isarguments/-/lodash.isarguments-3.0.0.tgz",
                  "resolved": "https://registry.npmjs.org/lodash.isarguments/-/lodash.isarguments-3.0.0.tgz"
                },
                "lodash.isnative": {
                  "version": "3.0.0",
                  "from": "https://registry.npmjs.org/lodash.isnative/-/lodash.isnative-3.0.0.tgz",
                  "resolved": "https://registry.npmjs.org/lodash.isnative/-/lodash.isnative-3.0.0.tgz"
                }
              }
            }
          }
        },
        "lodash._baseeach": {
          "version": "3.0.1",
          "from": "https://registry.npmjs.org/lodash._baseeach/-/lodash._baseeach-3.0.1.tgz",
          "resolved": "https://registry.npmjs.org/lodash._baseeach/-/lodash._baseeach-3.0.1.tgz",
          "dependencies": {
            "lodash.keys": {
              "version": "3.0.3",
              "from": "https://registry.npmjs.org/lodash.keys/-/lodash.keys-3.0.3.tgz",
              "resolved": "https://registry.npmjs.org/lodash.keys/-/lodash.keys-3.0.3.tgz",
              "dependencies": {
                "lodash.isarguments": {
                  "version": "3.0.0",
                  "from": "https://registry.npmjs.org/lodash.isarguments/-/lodash.isarguments-3.0.0.tgz",
                  "resolved": "https://registry.npmjs.org/lodash.isarguments/-/lodash.isarguments-3.0.0.tgz"
                },
                "lodash.isnative": {
                  "version": "3.0.0",
                  "from": "https://registry.npmjs.org/lodash.isnative/-/lodash.isnative-3.0.0.tgz",
                  "resolved": "https://registry.npmjs.org/lodash.isnative/-/lodash.isnative-3.0.0.tgz"
                }
              }
            }
          }
        },
        "lodash._basefind": {
          "version": "3.0.0",
          "from": "https://registry.npmjs.org/lodash._basefind/-/lodash._basefind-3.0.0.tgz",
          "resolved": "https://registry.npmjs.org/lodash._basefind/-/lodash._basefind-3.0.0.tgz"
        },
        "lodash.findindex": {
          "version": "3.0.0",
          "from": "https://registry.npmjs.org/lodash.findindex/-/lodash.findindex-3.0.0.tgz",
          "resolved": "https://registry.npmjs.org/lodash.findindex/-/lodash.findindex-3.0.0.tgz"
        },
        "lodash.isarray": {
          "version": "3.0.0",
          "from": "https://registry.npmjs.org/lodash.isarray/-/lodash.isarray-3.0.0.tgz",
          "resolved": "https://registry.npmjs.org/lodash.isarray/-/lodash.isarray-3.0.0.tgz"
        }
      }
    },
    "lodash.once": {
      "version": "3.0.0",
      "from": "https://registry.npmjs.org/lodash.once/-/lodash.once-3.0.0.tgz",
      "resolved": "https://registry.npmjs.org/lodash.once/-/lodash.once-3.0.0.tgz",
      "dependencies": {
        "lodash.before": {
          "version": "3.0.1",
          "from": "https://registry.npmjs.org/lodash.before/-/lodash.before-3.0.1.tgz",
          "resolved": "https://registry.npmjs.org/lodash.before/-/lodash.before-3.0.1.tgz"
        }
      }
    },
    "lodash.result": {
      "version": "3.0.0",
      "from": "https://registry.npmjs.org/lodash.result/-/lodash.result-3.0.0.tgz",
      "resolved": "https://registry.npmjs.org/lodash.result/-/lodash.result-3.0.0.tgz",
      "dependencies": {
        "lodash.isfunction": {
          "version": "3.0.1",
          "from": "https://registry.npmjs.org/lodash.isfunction/-/lodash.isfunction-3.0.1.tgz",
          "resolved": "https://registry.npmjs.org/lodash.isfunction/-/lodash.isfunction-3.0.1.tgz"
        }
      }
    },
    "lodash.template": {
      "version": "3.0.0",
      "from": "https://registry.npmjs.org/lodash.template/-/lodash.template-3.0.0.tgz",
      "resolved": "https://registry.npmjs.org/lodash.template/-/lodash.template-3.0.0.tgz",
      "dependencies": {
        "lodash._basecopy": {
          "version": "3.0.0",
          "from": "https://registry.npmjs.org/lodash._basecopy/-/lodash._basecopy-3.0.0.tgz",
          "resolved": "https://registry.npmjs.org/lodash._basecopy/-/lodash._basecopy-3.0.0.tgz"
        },
        "lodash._basetostring": {
          "version": "3.0.0",
          "from": "https://registry.npmjs.org/lodash._basetostring/-/lodash._basetostring-3.0.0.tgz",
          "resolved": "https://registry.npmjs.org/lodash._basetostring/-/lodash._basetostring-3.0.0.tgz"
        },
        "lodash._basevalues": {
          "version": "3.0.0",
          "from": "https://registry.npmjs.org/lodash._basevalues/-/lodash._basevalues-3.0.0.tgz",
          "resolved": "https://registry.npmjs.org/lodash._basevalues/-/lodash._basevalues-3.0.0.tgz"
        },
        "lodash._isiterateecall": {
          "version": "3.0.3",
          "from": "https://registry.npmjs.org/lodash._isiterateecall/-/lodash._isiterateecall-3.0.3.tgz",
          "resolved": "https://registry.npmjs.org/lodash._isiterateecall/-/lodash._isiterateecall-3.0.3.tgz"
        },
        "lodash.iserror": {
          "version": "3.0.0",
          "from": "https://registry.npmjs.org/lodash.iserror/-/lodash.iserror-3.0.0.tgz",
          "resolved": "https://registry.npmjs.org/lodash.iserror/-/lodash.iserror-3.0.0.tgz"
        },
        "lodash.keys": {
          "version": "3.0.3",
          "from": "https://registry.npmjs.org/lodash.keys/-/lodash.keys-3.0.3.tgz",
          "resolved": "https://registry.npmjs.org/lodash.keys/-/lodash.keys-3.0.3.tgz",
          "dependencies": {
            "lodash.isarguments": {
              "version": "3.0.0",
              "from": "https://registry.npmjs.org/lodash.isarguments/-/lodash.isarguments-3.0.0.tgz",
              "resolved": "https://registry.npmjs.org/lodash.isarguments/-/lodash.isarguments-3.0.0.tgz"
            },
            "lodash.isarray": {
              "version": "3.0.0",
              "from": "https://registry.npmjs.org/lodash.isarray/-/lodash.isarray-3.0.0.tgz",
              "resolved": "https://registry.npmjs.org/lodash.isarray/-/lodash.isarray-3.0.0.tgz"
            },
            "lodash.isnative": {
              "version": "3.0.0",
              "from": "https://registry.npmjs.org/lodash.isnative/-/lodash.isnative-3.0.0.tgz",
              "resolved": "https://registry.npmjs.org/lodash.isnative/-/lodash.isnative-3.0.0.tgz"
            }
          }
        },
        "lodash.reinterpolate": {
          "version": "3.0.1",
          "from": "https://registry.npmjs.org/lodash.reinterpolate/-/lodash.reinterpolate-3.0.1.tgz",
          "resolved": "https://registry.npmjs.org/lodash.reinterpolate/-/lodash.reinterpolate-3.0.1.tgz",
          "dependencies": {
            "lodash._reinterpolate": {
              "version": "3.0.0",
              "from": "https://registry.npmjs.org/lodash._reinterpolate/-/lodash._reinterpolate-3.0.0.tgz",
              "resolved": "https://registry.npmjs.org/lodash._reinterpolate/-/lodash._reinterpolate-3.0.0.tgz"
            }
          }
        },
        "lodash.templatesettings": {
          "version": "3.1.0",
          "from": "https://registry.npmjs.org/lodash.templatesettings/-/lodash.templatesettings-3.1.0.tgz",
          "resolved": "https://registry.npmjs.org/lodash.templatesettings/-/lodash.templatesettings-3.1.0.tgz",
          "dependencies": {
            "lodash._reinterpolate": {
              "version": "3.0.0",
              "from": "https://registry.npmjs.org/lodash._reinterpolate/-/lodash._reinterpolate-3.0.0.tgz",
              "resolved": "https://registry.npmjs.org/lodash._reinterpolate/-/lodash._reinterpolate-3.0.0.tgz"
            },
            "lodash.escape": {
              "version": "3.0.0",
              "from": "https://registry.npmjs.org/lodash.escape/-/lodash.escape-3.0.0.tgz",
              "resolved": "https://registry.npmjs.org/lodash.escape/-/lodash.escape-3.0.0.tgz"
            }
          }
        }
      }
    },
    "lodash.uniq": {
      "version": "3.0.0",
      "from": "https://registry.npmjs.org/lodash.uniq/-/lodash.uniq-3.0.0.tgz",
      "resolved": "https://registry.npmjs.org/lodash.uniq/-/lodash.uniq-3.0.0.tgz",
      "dependencies": {
        "lodash._basecallback": {
          "version": "3.1.2",
          "from": "https://registry.npmjs.org/lodash._basecallback/-/lodash._basecallback-3.1.2.tgz",
          "resolved": "https://registry.npmjs.org/lodash._basecallback/-/lodash._basecallback-3.1.2.tgz",
          "dependencies": {
            "lodash._baseisequal": {
              "version": "3.0.1",
              "from": "https://registry.npmjs.org/lodash._baseisequal/-/lodash._baseisequal-3.0.1.tgz",
              "resolved": "https://registry.npmjs.org/lodash._baseisequal/-/lodash._baseisequal-3.0.1.tgz",
              "dependencies": {
                "lodash.isarray": {
                  "version": "3.0.0",
                  "from": "https://registry.npmjs.org/lodash.isarray/-/lodash.isarray-3.0.0.tgz",
                  "resolved": "https://registry.npmjs.org/lodash.isarray/-/lodash.isarray-3.0.0.tgz"
                },
                "lodash.istypedarray": {
                  "version": "3.0.0",
                  "from": "https://registry.npmjs.org/lodash.istypedarray/-/lodash.istypedarray-3.0.0.tgz",
                  "resolved": "https://registry.npmjs.org/lodash.istypedarray/-/lodash.istypedarray-3.0.0.tgz"
                }
              }
            },
            "lodash._bindcallback": {
              "version": "3.0.0",
              "from": "https://registry.npmjs.org/lodash._bindcallback/-/lodash._bindcallback-3.0.0.tgz",
              "resolved": "https://registry.npmjs.org/lodash._bindcallback/-/lodash._bindcallback-3.0.0.tgz"
            },
            "lodash.keys": {
              "version": "3.0.3",
              "from": "https://registry.npmjs.org/lodash.keys/-/lodash.keys-3.0.3.tgz",
              "resolved": "https://registry.npmjs.org/lodash.keys/-/lodash.keys-3.0.3.tgz",
              "dependencies": {
                "lodash.isarguments": {
                  "version": "3.0.0",
                  "from": "https://registry.npmjs.org/lodash.isarguments/-/lodash.isarguments-3.0.0.tgz",
                  "resolved": "https://registry.npmjs.org/lodash.isarguments/-/lodash.isarguments-3.0.0.tgz"
                },
                "lodash.isarray": {
                  "version": "3.0.0",
                  "from": "https://registry.npmjs.org/lodash.isarray/-/lodash.isarray-3.0.0.tgz",
                  "resolved": "https://registry.npmjs.org/lodash.isarray/-/lodash.isarray-3.0.0.tgz"
                },
                "lodash.isnative": {
                  "version": "3.0.0",
                  "from": "https://registry.npmjs.org/lodash.isnative/-/lodash.isnative-3.0.0.tgz",
                  "resolved": "https://registry.npmjs.org/lodash.isnative/-/lodash.isnative-3.0.0.tgz"
                }
              }
            }
          }
        },
        "lodash._baseuniq": {
          "version": "3.0.1",
          "from": "https://registry.npmjs.org/lodash._baseuniq/-/lodash._baseuniq-3.0.1.tgz",
          "resolved": "https://registry.npmjs.org/lodash._baseuniq/-/lodash._baseuniq-3.0.1.tgz",
          "dependencies": {
            "lodash._baseindexof": {
              "version": "3.0.0",
              "from": "https://registry.npmjs.org/lodash._baseindexof/-/lodash._baseindexof-3.0.0.tgz",
              "resolved": "https://registry.npmjs.org/lodash._baseindexof/-/lodash._baseindexof-3.0.0.tgz"
            },
            "lodash._cacheindexof": {
              "version": "3.0.0",
              "from": "https://registry.npmjs.org/lodash._cacheindexof/-/lodash._cacheindexof-3.0.0.tgz",
              "resolved": "https://registry.npmjs.org/lodash._cacheindexof/-/lodash._cacheindexof-3.0.0.tgz"
            },
            "lodash._createcache": {
              "version": "3.0.0",
              "from": "https://registry.npmjs.org/lodash._createcache/-/lodash._createcache-3.0.0.tgz",
              "resolved": "https://registry.npmjs.org/lodash._createcache/-/lodash._createcache-3.0.0.tgz",
              "dependencies": {
                "lodash.isnative": {
                  "version": "3.0.0",
                  "from": "https://registry.npmjs.org/lodash.isnative/-/lodash.isnative-3.0.0.tgz",
                  "resolved": "https://registry.npmjs.org/lodash.isnative/-/lodash.isnative-3.0.0.tgz"
                }
              }
            }
          }
        },
        "lodash._isiterateecall": {
          "version": "3.0.3",
          "from": "https://registry.npmjs.org/lodash._isiterateecall/-/lodash._isiterateecall-3.0.3.tgz",
          "resolved": "https://registry.npmjs.org/lodash._isiterateecall/-/lodash._isiterateecall-3.0.3.tgz"
        }
      }
    },
    "lodash.uniqueid": {
      "version": "3.0.0",
      "from": "https://registry.npmjs.org/lodash.uniqueid/-/lodash.uniqueid-3.0.0.tgz",
      "resolved": "https://registry.npmjs.org/lodash.uniqueid/-/lodash.uniqueid-3.0.0.tgz",
      "dependencies": {
        "lodash._basetostring": {
          "version": "3.0.0",
          "from": "https://registry.npmjs.org/lodash._basetostring/-/lodash._basetostring-3.0.0.tgz",
          "resolved": "https://registry.npmjs.org/lodash._basetostring/-/lodash._basetostring-3.0.0.tgz"
        }
      }
    },
    "mocha": {
      "version": "2.1.0",
      "from": "https://registry.npmjs.org/mocha/-/mocha-2.1.0.tgz",
      "resolved": "https://registry.npmjs.org/mocha/-/mocha-2.1.0.tgz",
      "dependencies": {
        "commander": {
          "version": "2.3.0",
          "from": "https://registry.npmjs.org/commander/-/commander-2.3.0.tgz",
          "resolved": "https://registry.npmjs.org/commander/-/commander-2.3.0.tgz"
        },
        "debug": {
          "version": "2.0.0",
          "from": "https://registry.npmjs.org/debug/-/debug-2.0.0.tgz",
          "resolved": "https://registry.npmjs.org/debug/-/debug-2.0.0.tgz",
          "dependencies": {
            "ms": {
              "version": "0.6.2",
              "from": "https://registry.npmjs.org/ms/-/ms-0.6.2.tgz",
              "resolved": "https://registry.npmjs.org/ms/-/ms-0.6.2.tgz"
            }
          }
        },
        "diff": {
          "version": "1.0.8",
          "from": "https://registry.npmjs.org/diff/-/diff-1.0.8.tgz",
          "resolved": "https://registry.npmjs.org/diff/-/diff-1.0.8.tgz"
        },
        "escape-string-regexp": {
          "version": "1.0.2",
          "from": "https://registry.npmjs.org/escape-string-regexp/-/escape-string-regexp-1.0.2.tgz",
          "resolved": "https://registry.npmjs.org/escape-string-regexp/-/escape-string-regexp-1.0.2.tgz"
        },
        "glob": {
          "version": "3.2.3",
          "from": "https://registry.npmjs.org/glob/-/glob-3.2.3.tgz",
          "resolved": "https://registry.npmjs.org/glob/-/glob-3.2.3.tgz",
          "dependencies": {
            "minimatch": {
              "version": "0.2.14",
              "from": "https://registry.npmjs.org/minimatch/-/minimatch-0.2.14.tgz",
              "resolved": "https://registry.npmjs.org/minimatch/-/minimatch-0.2.14.tgz",
              "dependencies": {
                "lru-cache": {
                  "version": "2.5.0",
                  "from": "https://registry.npmjs.org/lru-cache/-/lru-cache-2.5.0.tgz",
                  "resolved": "https://registry.npmjs.org/lru-cache/-/lru-cache-2.5.0.tgz"
                },
                "sigmund": {
                  "version": "1.0.0",
                  "from": "https://registry.npmjs.org/sigmund/-/sigmund-1.0.0.tgz",
                  "resolved": "https://registry.npmjs.org/sigmund/-/sigmund-1.0.0.tgz"
                }
              }
            },
            "graceful-fs": {
              "version": "2.0.3",
              "from": "https://registry.npmjs.org/graceful-fs/-/graceful-fs-2.0.3.tgz",
              "resolved": "https://registry.npmjs.org/graceful-fs/-/graceful-fs-2.0.3.tgz"
            },
            "inherits": {
              "version": "2.0.1",
              "from": "https://registry.npmjs.org/inherits/-/inherits-2.0.1.tgz",
              "resolved": "https://registry.npmjs.org/inherits/-/inherits-2.0.1.tgz"
            }
          }
        },
        "growl": {
          "version": "1.8.1",
          "from": "https://registry.npmjs.org/growl/-/growl-1.8.1.tgz",
          "resolved": "https://registry.npmjs.org/growl/-/growl-1.8.1.tgz"
        },
        "jade": {
          "version": "0.26.3",
          "from": "https://registry.npmjs.org/jade/-/jade-0.26.3.tgz",
          "resolved": "https://registry.npmjs.org/jade/-/jade-0.26.3.tgz",
          "dependencies": {
            "commander": {
              "version": "0.6.1",
              "from": "https://registry.npmjs.org/commander/-/commander-0.6.1.tgz",
              "resolved": "https://registry.npmjs.org/commander/-/commander-0.6.1.tgz"
            },
            "mkdirp": {
              "version": "0.3.0",
              "from": "https://registry.npmjs.org/mkdirp/-/mkdirp-0.3.0.tgz",
              "resolved": "https://registry.npmjs.org/mkdirp/-/mkdirp-0.3.0.tgz"
            }
          }
        }
      }
    },
    "mousetrap": {
      "version": "1.4.6",
      "from": "https://registry.npmjs.org/mousetrap/-/mousetrap-1.4.6.tgz",
      "resolved": "https://registry.npmjs.org/mousetrap/-/mousetrap-1.4.6.tgz"
    },
    "scrollmonitor": {
      "version": "1.0.11",
      "from": "https://registry.npmjs.org/scrollmonitor/-/scrollmonitor-1.0.11.tgz",
      "resolved": "https://registry.npmjs.org/scrollmonitor/-/scrollmonitor-1.0.11.tgz",
      "dependencies": {
        "karma-expect": {
          "version": "1.1.0",
          "from": "https://registry.npmjs.org/karma-expect/-/karma-expect-1.1.0.tgz",
          "resolved": "https://registry.npmjs.org/karma-expect/-/karma-expect-1.1.0.tgz",
          "dependencies": {
            "expect.js": {
              "version": "0.3.1",
              "from": "https://registry.npmjs.org/expect.js/-/expect.js-0.3.1.tgz",
              "resolved": "https://registry.npmjs.org/expect.js/-/expect.js-0.3.1.tgz"
            }
          }
        },
        "karma-ie-launcher": {
          "version": "0.1.5",
          "from": "https://registry.npmjs.org/karma-ie-launcher/-/karma-ie-launcher-0.1.5.tgz",
          "resolved": "https://registry.npmjs.org/karma-ie-launcher/-/karma-ie-launcher-0.1.5.tgz"
        },
        "karma-ios-launcher": {
          "version": "0.0.3",
          "from": "https://registry.npmjs.org/karma-ios-launcher/-/karma-ios-launcher-0.0.3.tgz",
          "resolved": "https://registry.npmjs.org/karma-ios-launcher/-/karma-ios-launcher-0.0.3.tgz",
          "dependencies": {
            "iosctrl": {
              "version": "0.0.1",
              "from": "https://registry.npmjs.org/iosctrl/-/iosctrl-0.0.1.tgz",
              "resolved": "https://registry.npmjs.org/iosctrl/-/iosctrl-0.0.1.tgz",
              "dependencies": {
                "debug": {
                  "version": "0.7.4",
                  "from": "https://registry.npmjs.org/debug/-/debug-0.7.4.tgz",
                  "resolved": "https://registry.npmjs.org/debug/-/debug-0.7.4.tgz"
                },
                "NodObjC": {
                  "version": "0.0.14",
                  "from": "../../../../../var/folders/g9/mmczdkpd6xn246gvbmlhwc7c0000gn/T/npm-47359-7df1eed9/git-cache-3069704882ae/7c751d91472c361eded0a6baa34b6528e66cf08c",
                  "resolved": "git+https://github.com/xdissent/NodObjC.git#7c751d91472c361eded0a6baa34b6528e66cf08c",
                  "dependencies": {
                    "ffi": {
                      "version": "1.2.7",
                      "from": "https://registry.npmjs.org/ffi/-/ffi-1.2.7.tgz",
                      "resolved": "https://registry.npmjs.org/ffi/-/ffi-1.2.7.tgz",
                      "dependencies": {
                        "bindings": {
                          "version": "1.2.1",
                          "from": "https://registry.npmjs.org/bindings/-/bindings-1.2.1.tgz",
                          "resolved": "https://registry.npmjs.org/bindings/-/bindings-1.2.1.tgz"
                        }
                      }
                    },
                    "libxmljs": {
                      "version": "0.8.1",
                      "from": "https://registry.npmjs.org/libxmljs/-/libxmljs-0.8.1.tgz",
                      "resolved": "https://registry.npmjs.org/libxmljs/-/libxmljs-0.8.1.tgz",
                      "dependencies": {
                        "bindings": {
                          "version": "1.0.0",
                          "from": "https://registry.npmjs.org/bindings/-/bindings-1.0.0.tgz",
                          "resolved": "https://registry.npmjs.org/bindings/-/bindings-1.0.0.tgz"
                        }
                      }
                    },
                    "ref": {
                      "version": "0.1.3",
                      "from": "https://registry.npmjs.org/ref/-/ref-0.1.3.tgz",
                      "resolved": "https://registry.npmjs.org/ref/-/ref-0.1.3.tgz",
                      "dependencies": {
                        "bindings": {
                          "version": "1.2.1",
                          "from": "https://registry.npmjs.org/bindings/-/bindings-1.2.1.tgz",
                          "resolved": "https://registry.npmjs.org/bindings/-/bindings-1.2.1.tgz"
                        }
                      }
                    },
                    "ref-struct": {
                      "version": "0.0.7",
                      "from": "https://registry.npmjs.org/ref-struct/-/ref-struct-0.0.7.tgz",
                      "resolved": "https://registry.npmjs.org/ref-struct/-/ref-struct-0.0.7.tgz",
                      "dependencies": {
                        "debug": {
                          "version": "2.1.1",
                          "from": "https://registry.npmjs.org/debug/-/debug-2.1.1.tgz",
                          "resolved": "https://registry.npmjs.org/debug/-/debug-2.1.1.tgz",
                          "dependencies": {
                            "ms": {
                              "version": "0.6.2",
                              "from": "https://registry.npmjs.org/ms/-/ms-0.6.2.tgz",
                              "resolved": "https://registry.npmjs.org/ms/-/ms-0.6.2.tgz"
                            }
                          }
                        },
                        "ref": {
                          "version": "0.3.5",
                          "from": "https://registry.npmjs.org/ref/-/ref-0.3.5.tgz",
                          "resolved": "https://registry.npmjs.org/ref/-/ref-0.3.5.tgz",
                          "dependencies": {
                            "bindings": {
                              "version": "1.2.1",
                              "from": "https://registry.npmjs.org/bindings/-/bindings-1.2.1.tgz",
                              "resolved": "https://registry.npmjs.org/bindings/-/bindings-1.2.1.tgz"
                            },
                            "nan": {
                              "version": "1.5.3",
                              "from": "https://registry.npmjs.org/nan/-/nan-1.5.3.tgz",
                              "resolved": "https://registry.npmjs.org/nan/-/nan-1.5.3.tgz"
                            }
                          }
                        }
                      }
                    }
                  }
                },
                "q": {
                  "version": "0.9.7",
                  "from": "https://registry.npmjs.org/q/-/q-0.9.7.tgz",
                  "resolved": "https://registry.npmjs.org/q/-/q-0.9.7.tgz"
                }
              }
            }
          }
        },
        "karma-sinon-ie": {
          "version": "1.0.2",
          "from": "https://registry.npmjs.org/karma-sinon-ie/-/karma-sinon-ie-1.0.2.tgz",
          "resolved": "https://registry.npmjs.org/karma-sinon-ie/-/karma-sinon-ie-1.0.2.tgz"
        }
      }
    }
  }
}
